lockfileVersion: 5.4

specifiers:
  react-spinners: ^0.13.8
  use-http: ^1.0.27

dependencies:
  react-spinners: 0.13.8_sfoxds7t5ydpegc3knd667wn6m
  use-http: 1.0.27_sfoxds7t5ydpegc3knd667wn6m

packages:

  /js-tokens/4.0.0:
    resolution: {integrity: sha512-RdJUflcE3cUzKiMqQgsCu06FPu9UdIJO0beYbPhHN4k6apgJtifcoCtT9bcxOpYBtpD2kCM6Sbzg4CausW/PKQ==}
    dev: false

  /loose-envify/1.4.0:
    resolution: {integrity: sha512-lyuxPGr/Wfhrlem2CL/UcnUc1zcqKAImBDzukY7Y5F/yQiNdko6+fRLevlw1HgMySw7f611UIY408EtxRSoK3Q==}
    hasBin: true
    dependencies:
      js-tokens: 4.0.0
    dev: false

  /object-assign/4.1.1:
    resolution: {integrity: sha512-rJgTQnkUnH1sFw8yT6VSU3zD3sWmu6sZhIseY8VX+GRu3P6F7Fu+JNDoXfklElbLJSnc3FUQHVe4cU5hj+BcUg==}
    engines: {node: '>=0.10.0'}
    dev: false

  /react-dom/17.0.2_react@17.0.2:
    resolution: {integrity: sha512-s4h96KtLDUQlsENhMn1ar8t2bEa+q/YAtj8pPPdIjPDGBDIVNsrD9aXNWqspUe6AzKCIG0C1HZZLqLV7qpOBGA==}
    peerDependencies:
      react: 17.0.2
    dependencies:
      loose-envify: 1.4.0
      object-assign: 4.1.1
      react: 17.0.2
      scheduler: 0.20.2
    dev: false

  /react-spinners/0.13.8_sfoxds7t5ydpegc3knd667wn6m:
    resolution: {integrity: sha512-3e+k56lUkPj0vb5NDXPVFAOkPC//XyhKPJjvcGjyMNPWsBKpplfeyialP74G7H7+It7KzhtET+MvGqbKgAqpZA==}
    peerDependencies:
      react: ^16.0.0 || ^17.0.0 || ^18.0.0
      react-dom: ^16.0.0 || ^17.0.0 || ^18.0.0
    dependencies:
      react: 17.0.2
      react-dom: 17.0.2_react@17.0.2
    dev: false

  /react/17.0.2:
    resolution: {integrity: sha512-gnhPt75i/dq/z3/6q/0asP78D0u592D5L1pd7M8P+dck6Fu/jJeL6iVVK23fptSUZj8Vjf++7wXA8UNclGQcbA==}
    engines: {node: '>=0.10.0'}
    dependencies:
      loose-envify: 1.4.0
      object-assign: 4.1.1
    dev: false

  /scheduler/0.20.2:
    resolution: {integrity: sha512-2eWfGgAqqWFGqtdMmcL5zCMK1U8KlXv8SQFGglL3CEtd0aDVDWgeF/YoCmvln55m5zSk3J/20hTaSBeSObsQDQ==}
    dependencies:
      loose-envify: 1.4.0
      object-assign: 4.1.1
    dev: false

  /urs/0.0.8_sfoxds7t5ydpegc3knd667wn6m:
    resolution: {integrity: sha512-LaSSPpr91XrVA3vW2zPupw4K6DSQEDKdL4yQZX1mO2fpljIMpB5zctrjRvxLurelWSgKsHsCmfHNCImscryirQ==}
    peerDependencies:
      react: ^16.13.1 || ^17.0.0
      react-dom: ^16.13.1 || ^17.0.0
    dependencies:
      react: 17.0.2
      react-dom: 17.0.2_react@17.0.2
    dev: false

  /use-http/1.0.27_sfoxds7t5ydpegc3knd667wn6m:
    resolution: {integrity: sha512-R2V3dzkx+YfIi3Sm35njGFRBzPEyM1AODMx6VSyHiyYzVVq2iYbA3HEjGK5fyw66D8stK5iaP4zU3X7LDmuiyg==}
    peerDependencies:
      react: ^16.13.1 || ^17.0.0
      react-dom: ^16.13.1 || ^17.0.0
    dependencies:
      react: 17.0.2
      react-dom: 17.0.2_react@17.0.2
      urs: 0.0.8_sfoxds7t5ydpegc3knd667wn6m
      use-ssr: 1.0.24_sfoxds7t5ydpegc3knd667wn6m
      utility-types: 3.10.0
    dev: false

  /use-ssr/1.0.24_sfoxds7t5ydpegc3knd667wn6m:
    resolution: {integrity: sha512-0MFps7ezL57/3o0yl4CvrHLlp9z20n1rQZV/lSRz7if+TUoM6POU1XdOvEjIgjgKeIhTEye1U0khrIYWCTWw4g==}
    peerDependencies:
      react: ^16.13.1 || ^17.0.0
      react-dom: ^16.13.1 || ^17.0.0
    dependencies:
      react: 17.0.2
      react-dom: 17.0.2_react@17.0.2
    dev: false

  /utility-types/3.10.0:
    resolution: {integrity: sha512-O11mqxmi7wMKCo6HKFt5AhO4BwY3VV68YU07tgxfz8zJTIxr4BpsezN49Ffwy9j3ZpwwJp4fkRwjRzq3uWE6Rg==}
    engines: {node: '>= 4'}
    dev: false
